
Microsoft Visual Studio Solution File, Format Version 12.00
# Visual Studio 15
VisualStudioVersion = 15.0.28307.1705
MinimumVisualStudioVersion = 10.0.40219.1
Project("{8BC9CEB8-8B4A-11D0-8D11-00A0C91BC942}") = "HW", "HW\HW.vcxproj", "{2F150D1D-0BB6-4DD6-BFC4-93EDC936C804}"
EndProject
Global
	GlobalSection(SolutionConfigurationPlatforms) = preSolution
		Debug|x64 = Debug|x64
		Debug|x86 = Debug|x86
		Release|x64 = Release|x64
		Release|x86 = Release|x86
	EndGlobalSection
	GlobalSection(ProjectConfigurationPlatforms) = postSolution
		{2F150D1D-0BB6-4DD6-BFC4-93EDC936C804}.Debug|x64.ActiveCfg = Debug|x64
		{2F150D1D-0BB6-4DD6-BFC4-93EDC936C804}.Debug|x64.Build.0 = Debug|x64
		{2F150D1D-0BB6-4DD6-BFC4-93EDC936C804}.Debug|x86.ActiveCfg = Debug|Win32
		{2F150D1D-0BB6-4DD6-BFC4-93EDC936C804}.Debug|x86.Build.0 = Debug|Win32
		{2F150D1D-0BB6-4DD6-BFC4-93EDC936C804}.Release|x64.ActiveCfg = Release|x64
		{2F150D1D-0BB6-4DD6-BFC4-93EDC936C804}.Release|x64.Build.0 = Release|x64
		{2F150D1D-0BB6-4DD6-BFC4-93EDC936C804}.Release|x86.ActiveCfg = Release|Win32
		{2F150D1D-0BB6-4DD6-BFC4-93EDC936C804}.Release|x86.Build.0 = Release|Win32
	EndGlobalSection
	GlobalSection(SolutionProperties) = preSolution
		HideSolutionNode = FALSE
	EndGlobalSection
	GlobalSection(ExtensibilityGlobals) = postSolution
		SolutionGuid = {3F3F3CE0-864C-46E6-AC98-471B9C64D585}
	EndGlobalSection
EndGlobal
